
Microsoft Visual Studio Solution File, Format Version 12.00
# Visual Studio 15
VisualStudioVersion = 15.0.27130.2020
MinimumVisualStudioVersion = 10.0.40219.1
Project("{9A19103F-16F7-4668-BE54-9A1E7A4F7556}") = "NWorkQueue", "NWorkQueue\NWorkQueue.csproj", "{F47197EF-329E-42F5-AFBB-3D3CD20AAC9C}"
EndProject
Project("{9A19103F-16F7-4668-BE54-9A1E7A4F7556}") = "Benchmarks", "Benchmarks\Benchmarks.csproj", "{B9475FCF-283D-439B-AC4A-BB378D5EA163}"
EndProject
Project("{9A19103F-16F7-4668-BE54-9A1E7A4F7556}") = "NWorkQueue.Library", "NWorkQueue.Library\NWorkQueue.Library.csproj", "{D4B7FB36-6027-457C-9A2F-2ED96ADD2998}"
EndProject
Project("{9A19103F-16F7-4668-BE54-9A1E7A4F7556}") = "NWorkQueue.Common", "NWorkQueue.Common\NWorkQueue.Common.csproj", "{A920C10F-6E62-42E5-B5FC-1843FA8CEDF3}"
EndProject
Project("{9A19103F-16F7-4668-BE54-9A1E7A4F7556}") = "NWorkQueue.TcpClient", "NWorkQueue.TcpClient\NWorkQueue.TcpClient.csproj", "{56E916A5-4452-4C26-8630-4C8FA7E85414}"
EndProject
Project("{9A19103F-16F7-4668-BE54-9A1E7A4F7556}") = "NWorkQueue.Library.Tests", "NWorkQueue.Library.Tests\NWorkQueue.Library.Tests.csproj", "{B729CD93-5D2F-4D7E-887F-1261D3F318D4}"
EndProject
Project("{FAE04EC0-301F-11D3-BF4B-00C04F79EFBC}") = "NWorkQueue.Sqlite", "NWorkQueue.Sqlite\NWorkQueue.Sqlite.csproj", "{6FD84ECB-9595-4847-8FD9-F5B3E8E99847}"
EndProject
Global
	GlobalSection(SolutionConfigurationPlatforms) = preSolution
		Debug|Any CPU = Debug|Any CPU
		Release|Any CPU = Release|Any CPU
	EndGlobalSection
	GlobalSection(ProjectConfigurationPlatforms) = postSolution
		{F47197EF-329E-42F5-AFBB-3D3CD20AAC9C}.Debug|Any CPU.ActiveCfg = Debug|Any CPU
		{F47197EF-329E-42F5-AFBB-3D3CD20AAC9C}.Debug|Any CPU.Build.0 = Debug|Any CPU
		{F47197EF-329E-42F5-AFBB-3D3CD20AAC9C}.Release|Any CPU.ActiveCfg = Release|Any CPU
		{F47197EF-329E-42F5-AFBB-3D3CD20AAC9C}.Release|Any CPU.Build.0 = Release|Any CPU
		{B9475FCF-283D-439B-AC4A-BB378D5EA163}.Debug|Any CPU.ActiveCfg = Debug|Any CPU
		{B9475FCF-283D-439B-AC4A-BB378D5EA163}.Debug|Any CPU.Build.0 = Debug|Any CPU
		{B9475FCF-283D-439B-AC4A-BB378D5EA163}.Release|Any CPU.ActiveCfg = Release|Any CPU
		{B9475FCF-283D-439B-AC4A-BB378D5EA163}.Release|Any CPU.Build.0 = Release|Any CPU
		{D4B7FB36-6027-457C-9A2F-2ED96ADD2998}.Debug|Any CPU.ActiveCfg = Debug|Any CPU
		{D4B7FB36-6027-457C-9A2F-2ED96ADD2998}.Debug|Any CPU.Build.0 = Debug|Any CPU
		{D4B7FB36-6027-457C-9A2F-2ED96ADD2998}.Release|Any CPU.ActiveCfg = Release|Any CPU
		{D4B7FB36-6027-457C-9A2F-2ED96ADD2998}.Release|Any CPU.Build.0 = Release|Any CPU
		{A920C10F-6E62-42E5-B5FC-1843FA8CEDF3}.Debug|Any CPU.ActiveCfg = Debug|Any CPU
		{A920C10F-6E62-42E5-B5FC-1843FA8CEDF3}.Debug|Any CPU.Build.0 = Debug|Any CPU
		{A920C10F-6E62-42E5-B5FC-1843FA8CEDF3}.Release|Any CPU.ActiveCfg = Release|Any CPU
		{A920C10F-6E62-42E5-B5FC-1843FA8CEDF3}.Release|Any CPU.Build.0 = Release|Any CPU
		{56E916A5-4452-4C26-8630-4C8FA7E85414}.Debug|Any CPU.ActiveCfg = Debug|Any CPU
		{56E916A5-4452-4C26-8630-4C8FA7E85414}.Debug|Any CPU.Build.0 = Debug|Any CPU
		{56E916A5-4452-4C26-8630-4C8FA7E85414}.Release|Any CPU.ActiveCfg = Release|Any CPU
		{56E916A5-4452-4C26-8630-4C8FA7E85414}.Release|Any CPU.Build.0 = Release|Any CPU
		{B729CD93-5D2F-4D7E-887F-1261D3F318D4}.Debug|Any CPU.ActiveCfg = Debug|Any CPU
		{B729CD93-5D2F-4D7E-887F-1261D3F318D4}.Debug|Any CPU.Build.0 = Debug|Any CPU
		{B729CD93-5D2F-4D7E-887F-1261D3F318D4}.Release|Any CPU.ActiveCfg = Release|Any CPU
		{B729CD93-5D2F-4D7E-887F-1261D3F318D4}.Release|Any CPU.Build.0 = Release|Any CPU
		{6FD84ECB-9595-4847-8FD9-F5B3E8E99847}.Debug|Any CPU.ActiveCfg = Debug|Any CPU
		{6FD84ECB-9595-4847-8FD9-F5B3E8E99847}.Debug|Any CPU.Build.0 = Debug|Any CPU
		{6FD84ECB-9595-4847-8FD9-F5B3E8E99847}.Release|Any CPU.ActiveCfg = Release|Any CPU
		{6FD84ECB-9595-4847-8FD9-F5B3E8E99847}.Release|Any CPU.Build.0 = Release|Any CPU
	EndGlobalSection
	GlobalSection(SolutionProperties) = preSolution
		HideSolutionNode = FALSE
	EndGlobalSection
	GlobalSection(ExtensibilityGlobals) = postSolution
		SolutionGuid = {7EF3E13F-2CD6-46D4-97DD-F38890470856}
	EndGlobalSection
EndGlobal
