
Microsoft Visual Studio Solution File, Format Version 12.00
# Visual Studio Version 16
VisualStudioVersion = 16.0.29728.190
MinimumVisualStudioVersion = 10.0.40219.1
Project("{9A19103F-16F7-4668-BE54-9A1E7A4F7556}") = "NWorkQueue", "NWorkQueue\NWorkQueue.csproj", "{F47197EF-329E-42F5-AFBB-3D3CD20AAC9C}"
EndProject
Project("{9A19103F-16F7-4668-BE54-9A1E7A4F7556}") = "Benchmarks", "Benchmarks\Benchmarks.csproj", "{B9475FCF-283D-439B-AC4A-BB378D5EA163}"
EndProject
Project("{9A19103F-16F7-4668-BE54-9A1E7A4F7556}") = "NWorkQueue.Library", "NWorkQueue.Library\NWorkQueue.Library.csproj", "{D4B7FB36-6027-457C-9A2F-2ED96ADD2998}"
EndProject
Project("{9A19103F-16F7-4668-BE54-9A1E7A4F7556}") = "NWorkQueue.Common", "NWorkQueue.Common\NWorkQueue.Common.csproj", "{A920C10F-6E62-42E5-B5FC-1843FA8CEDF3}"
EndProject
Project("{9A19103F-16F7-4668-BE54-9A1E7A4F7556}") = "NWorkQueue.Sqlite", "NWorkQueue.Sqlite\NWorkQueue.Sqlite.csproj", "{6FD84ECB-9595-4847-8FD9-F5B3E8E99847}"
EndProject
Project("{FAE04EC0-301F-11D3-BF4B-00C04F79EFBC}") = "NWorkQueue.Server", "NWorkQueue.Server\NWorkQueue.Server.csproj", "{A0C72BBA-4BBC-4B72-9E55-1FD22F6C8412}"
EndProject
Project("{2150E333-8FDC-42A3-9474-1A3956D46DE8}") = "Solution Items", "Solution Items", "{3D549DFA-1001-43E4-A70F-7FB55F222F0A}"
	ProjectSection(SolutionItems) = preProject
		.editorconfig = .editorconfig
	EndProjectSection
EndProject
Project("{2150E333-8FDC-42A3-9474-1A3956D46DE8}") = "tests", "tests", "{DD29545F-A6A2-4167-97EE-B61191E0CE10}"
EndProject
Project("{9A19103F-16F7-4668-BE54-9A1E7A4F7556}") = "NWorkQueue.Library.Tests", "tests\NWorkQueue.Library.Tests\NWorkQueue.Library.Tests.csproj", "{14567643-F0E0-46F5-B43E-D1DCD4BC3905}"
EndProject
Project("{FAE04EC0-301F-11D3-BF4B-00C04F79EFBC}") = "NWorkQueue.Integration.Tests", "tests\NWorkQueue.Integration.Tests\NWorkQueue.Integration.Tests.csproj", "{D3E4B18B-337A-4CE8-B194-5F6C5D4456BC}"
EndProject
Global
	GlobalSection(SolutionConfigurationPlatforms) = preSolution
		Debug|Any CPU = Debug|Any CPU
		Release|Any CPU = Release|Any CPU
	EndGlobalSection
	GlobalSection(ProjectConfigurationPlatforms) = postSolution
		{F47197EF-329E-42F5-AFBB-3D3CD20AAC9C}.Debug|Any CPU.ActiveCfg = Debug|Any CPU
		{F47197EF-329E-42F5-AFBB-3D3CD20AAC9C}.Debug|Any CPU.Build.0 = Debug|Any CPU
		{F47197EF-329E-42F5-AFBB-3D3CD20AAC9C}.Release|Any CPU.ActiveCfg = Release|Any CPU
		{F47197EF-329E-42F5-AFBB-3D3CD20AAC9C}.Release|Any CPU.Build.0 = Release|Any CPU
		{B9475FCF-283D-439B-AC4A-BB378D5EA163}.Debug|Any CPU.ActiveCfg = Debug|Any CPU
		{B9475FCF-283D-439B-AC4A-BB378D5EA163}.Debug|Any CPU.Build.0 = Debug|Any CPU
		{B9475FCF-283D-439B-AC4A-BB378D5EA163}.Release|Any CPU.ActiveCfg = Release|Any CPU
		{B9475FCF-283D-439B-AC4A-BB378D5EA163}.Release|Any CPU.Build.0 = Release|Any CPU
		{D4B7FB36-6027-457C-9A2F-2ED96ADD2998}.Debug|Any CPU.ActiveCfg = Debug|Any CPU
		{D4B7FB36-6027-457C-9A2F-2ED96ADD2998}.Debug|Any CPU.Build.0 = Debug|Any CPU
		{D4B7FB36-6027-457C-9A2F-2ED96ADD2998}.Release|Any CPU.ActiveCfg = Release|Any CPU
		{D4B7FB36-6027-457C-9A2F-2ED96ADD2998}.Release|Any CPU.Build.0 = Release|Any CPU
		{A920C10F-6E62-42E5-B5FC-1843FA8CEDF3}.Debug|Any CPU.ActiveCfg = Debug|Any CPU
		{A920C10F-6E62-42E5-B5FC-1843FA8CEDF3}.Debug|Any CPU.Build.0 = Debug|Any CPU
		{A920C10F-6E62-42E5-B5FC-1843FA8CEDF3}.Release|Any CPU.ActiveCfg = Release|Any CPU
		{A920C10F-6E62-42E5-B5FC-1843FA8CEDF3}.Release|Any CPU.Build.0 = Release|Any CPU
		{6FD84ECB-9595-4847-8FD9-F5B3E8E99847}.Debug|Any CPU.ActiveCfg = Debug|Any CPU
		{6FD84ECB-9595-4847-8FD9-F5B3E8E99847}.Debug|Any CPU.Build.0 = Debug|Any CPU
		{6FD84ECB-9595-4847-8FD9-F5B3E8E99847}.Release|Any CPU.ActiveCfg = Release|Any CPU
		{6FD84ECB-9595-4847-8FD9-F5B3E8E99847}.Release|Any CPU.Build.0 = Release|Any CPU
		{A0C72BBA-4BBC-4B72-9E55-1FD22F6C8412}.Debug|Any CPU.ActiveCfg = Debug|Any CPU
		{A0C72BBA-4BBC-4B72-9E55-1FD22F6C8412}.Debug|Any CPU.Build.0 = Debug|Any CPU
		{A0C72BBA-4BBC-4B72-9E55-1FD22F6C8412}.Release|Any CPU.ActiveCfg = Release|Any CPU
		{A0C72BBA-4BBC-4B72-9E55-1FD22F6C8412}.Release|Any CPU.Build.0 = Release|Any CPU
		{14567643-F0E0-46F5-B43E-D1DCD4BC3905}.Debug|Any CPU.ActiveCfg = Debug|Any CPU
		{14567643-F0E0-46F5-B43E-D1DCD4BC3905}.Debug|Any CPU.Build.0 = Debug|Any CPU
		{14567643-F0E0-46F5-B43E-D1DCD4BC3905}.Release|Any CPU.ActiveCfg = Release|Any CPU
		{14567643-F0E0-46F5-B43E-D1DCD4BC3905}.Release|Any CPU.Build.0 = Release|Any CPU
		{D3E4B18B-337A-4CE8-B194-5F6C5D4456BC}.Debug|Any CPU.ActiveCfg = Debug|Any CPU
		{D3E4B18B-337A-4CE8-B194-5F6C5D4456BC}.Debug|Any CPU.Build.0 = Debug|Any CPU
		{D3E4B18B-337A-4CE8-B194-5F6C5D4456BC}.Release|Any CPU.ActiveCfg = Release|Any CPU
		{D3E4B18B-337A-4CE8-B194-5F6C5D4456BC}.Release|Any CPU.Build.0 = Release|Any CPU
	EndGlobalSection
	GlobalSection(SolutionProperties) = preSolution
		HideSolutionNode = FALSE
	EndGlobalSection
	GlobalSection(NestedProjects) = preSolution
		{14567643-F0E0-46F5-B43E-D1DCD4BC3905} = {DD29545F-A6A2-4167-97EE-B61191E0CE10}
		{D3E4B18B-337A-4CE8-B194-5F6C5D4456BC} = {DD29545F-A6A2-4167-97EE-B61191E0CE10}
	EndGlobalSection
	GlobalSection(ExtensibilityGlobals) = postSolution
		SolutionGuid = {7EF3E13F-2CD6-46D4-97DD-F38890470856}
	EndGlobalSection
EndGlobal
